
Microsoft Visual Studio Solution File, Format Version 12.00
# Visual Studio 2013
VisualStudioVersion = 12.0.31101.0
MinimumVisualStudioVersion = 10.0.40219.1
Project("{FAE04EC0-301F-11D3-BF4B-00C04F79EFBC}") = "BookChef.Domain", "BookChef.Domain\BookChef.Domain.csproj", "{B63A0B60-7260-4047-B375-D1EBF32C97AE}"
EndProject
Project("{FAE04EC0-301F-11D3-BF4B-00C04F79EFBC}") = "BookChef.Domain.Test", "BookChef.Domain.Test\BookChef.Domain.Test.csproj", "{3B88DE65-1576-4EC1-BBC3-B3C08C811E11}"
EndProject
Project("{FAE04EC0-301F-11D3-BF4B-00C04F79EFBC}") = "BookChef.Persistence", "BookChef.Persistence\BookChef.Persistence.csproj", "{5A035A7B-A60D-4690-A7E3-7D765AB9F482}"
EndProject
Global
	GlobalSection(SolutionConfigurationPlatforms) = preSolution
		Debug|Any CPU = Debug|Any CPU
		Release|Any CPU = Release|Any CPU
	EndGlobalSection
	GlobalSection(ProjectConfigurationPlatforms) = postSolution
		{B63A0B60-7260-4047-B375-D1EBF32C97AE}.Debug|Any CPU.ActiveCfg = Debug|Any CPU
		{B63A0B60-7260-4047-B375-D1EBF32C97AE}.Debug|Any CPU.Build.0 = Debug|Any CPU
		{B63A0B60-7260-4047-B375-D1EBF32C97AE}.Release|Any CPU.ActiveCfg = Release|Any CPU
		{B63A0B60-7260-4047-B375-D1EBF32C97AE}.Release|Any CPU.Build.0 = Release|Any CPU
		{3B88DE65-1576-4EC1-BBC3-B3C08C811E11}.Debug|Any CPU.ActiveCfg = Debug|Any CPU
		{3B88DE65-1576-4EC1-BBC3-B3C08C811E11}.Debug|Any CPU.Build.0 = Debug|Any CPU
		{3B88DE65-1576-4EC1-BBC3-B3C08C811E11}.Release|Any CPU.ActiveCfg = Release|Any CPU
		{3B88DE65-1576-4EC1-BBC3-B3C08C811E11}.Release|Any CPU.Build.0 = Release|Any CPU
		{5A035A7B-A60D-4690-A7E3-7D765AB9F482}.Debug|Any CPU.ActiveCfg = Debug|Any CPU
		{5A035A7B-A60D-4690-A7E3-7D765AB9F482}.Debug|Any CPU.Build.0 = Debug|Any CPU
		{5A035A7B-A60D-4690-A7E3-7D765AB9F482}.Release|Any CPU.ActiveCfg = Release|Any CPU
		{5A035A7B-A60D-4690-A7E3-7D765AB9F482}.Release|Any CPU.Build.0 = Release|Any CPU
	EndGlobalSection
	GlobalSection(SolutionProperties) = preSolution
		HideSolutionNode = FALSE
	EndGlobalSection
EndGlobal
